Microsoft Visual Studio Solution File, Format Version 9.00
# Visual Studio 2005
Project("{E24C65DC-7377-472B-9ABA-BC803B73C61A}") = "E:\...\WebSite1\", "WebSite1", "{CB87F9B7-3657-476D-9E68-EB14C7CD7B62}"
	ProjectSection(WebsiteProperties) = preProject
		Debug.AspNetCompiler.VirtualPath = "/WebSite1"
		Debug.AspNetCompiler.PhysicalPath = "WebSite1\"
		Debug.AspNetCompiler.TargetPath = "PrecompiledWeb\WebSite1\"
		Debug.AspNetCompiler.Updateable = "true"
		Debug.AspNetCompiler.ForceOverwrite = "true"
		Debug.AspNetCompiler.FixedNames = "false"
		Debug.AspNetCompiler.Debug = "True"
		Release.AspNetCompiler.VirtualPath = "/WebSite1"
		Release.AspNetCompiler.PhysicalPath = "WebSite1\"
		Release.AspNetCompiler.TargetPath = "PrecompiledWeb\WebSite1\"
		Release.AspNetCompiler.Updateable = "true"
		Release.AspNetCompiler.ForceOverwrite = "true"
		Release.AspNetCompiler.FixedNames = "false"
		Release.AspNetCompiler.Debug = "False"
		VWDPort = "4853"
		DefaultWebSiteLanguage = "Visual C#"
	EndProjectSection
EndProject
Project("{54435603-DBB4-11D2-8724-00A0C9A8B90C}") = "WebSetup1", "WebSetup1\WebSetup1.vdproj", "{11A39A2E-6887-4D7B-AD7F-E881E96D1512}"
	ProjectSection(WebsiteProperties) = preProject
		Debug.AspNetCompiler.Debug = "True"
		Release.AspNetCompiler.Debug = "False"
	EndProjectSection
EndProject
Project("{2150E333-8FDC-42A3-9474-1A3956D46DE8}") = "Screenshots", "Screenshots", "{CAD4DB61-3100-4AAA-A6F1-6B597B4DD89C}"
	ProjectSection(WebsiteProperties) = preProject
		Debug.AspNetCompiler.Debug = "True"
		Release.AspNetCompiler.Debug = "False"
	EndProjectSection
	ProjectSection(SolutionItems) = preProject
		Screenshots\Scr0a.png = Screenshots\Scr0a.png
		Screenshots\Scr0b.png = Screenshots\Scr0b.png
		Screenshots\Scr2a.png = Screenshots\Scr2a.png
		Screenshots\Scr2b.png = Screenshots\Scr2b.png
		Screenshots\Scr2c.png = Screenshots\Scr2c.png
		Screenshots\Scr3a.png = Screenshots\Scr3a.png
		Screenshots\Scr3b.png = Screenshots\Scr3b.png
		Screenshots\Scr3c.png = Screenshots\Scr3c.png
		Screenshots\Scr4a.png = Screenshots\Scr4a.png
		Screenshots\Scr4b.png = Screenshots\Scr4b.png
		Screenshots\Scr4c.png = Screenshots\Scr4c.png
	EndProjectSection
EndProject
Global
	GlobalSection(SolutionConfigurationPlatforms) = preSolution
		Debug|.NET = Debug|.NET
		Release|.NET = Release|.NET
	EndGlobalSection
	GlobalSection(ProjectConfigurationPlatforms) = postSolution
		{CB87F9B7-3657-476D-9E68-EB14C7CD7B62}.Debug|.NET.ActiveCfg = Debug|.NET
		{CB87F9B7-3657-476D-9E68-EB14C7CD7B62}.Debug|.NET.Build.0 = Debug|.NET
		{CB87F9B7-3657-476D-9E68-EB14C7CD7B62}.Release|.NET.ActiveCfg = Debug|.NET
		{CB87F9B7-3657-476D-9E68-EB14C7CD7B62}.Release|.NET.Build.0 = Debug|.NET
		{11A39A2E-6887-4D7B-AD7F-E881E96D1512}.Debug|.NET.ActiveCfg = Debug
		{11A39A2E-6887-4D7B-AD7F-E881E96D1512}.Release|.NET.ActiveCfg = Release
	EndGlobalSection
	GlobalSection(SolutionProperties) = preSolution
		HideSolutionNode = FALSE
	EndGlobalSection
EndGlobal
